// !$*UTF8*$!
{
	archiveVersion = 1;
	classes = {
	};
	objectVersion = 56;
	objects = {

/* Begin PBXBuildFile section */
		1A0000001 /* GoodEspressoApp.swift in Sources */ = {isa = PBXBuildFile; fileRef = 1A0000002; };
		1A0000003 /* ContentView.swift in Sources */ = {isa = PBXBuildFile; fileRef = 1A0000004; };
		1A0000005 /* Assets.xcassets in Resources */ = {isa = PBXBuildFile; fileRef = 1A0000006; };
		1A000003D /* PrivacyInfo.xcprivacy in Resources */ = {isa = PBXBuildFile; fileRef = 1A000003C; };
		1A0000007 /* Models.swift in Sources */ = {isa = PBXBuildFile; fileRef = 1A0000008; };
		1A0000009 /* BluetoothService.swift in Sources */ = {isa = PBXBuildFile; fileRef = 1A000000A; };
		1A000000B /* ProfilesData.swift in Sources */ = {isa = PBXBuildFile; fileRef = 1A000000C; };
		1A000000D /* HomeView.swift in Sources */ = {isa = PBXBuildFile; fileRef = 1A000000E; };
		1A000000F /* ProfilesView.swift in Sources */ = {isa = PBXBuildFile; fileRef = 1A0000010; };
		1A0000011 /* SettingsView.swift in Sources */ = {isa = PBXBuildFile; fileRef = 1A0000012; };
		1A0000013 /* HistoryView.swift in Sources */ = {isa = PBXBuildFile; fileRef = 1A0000014; };
		1A0000015 /* ConnectionView.swift in Sources */ = {isa = PBXBuildFile; fileRef = 1A0000016; };
		1A0000017 /* ControlView.swift in Sources */ = {isa = PBXBuildFile; fileRef = 1A0000018; };
		1A0000019 /* ShotChartView.swift in Sources */ = {isa = PBXBuildFile; fileRef = 1A000001A; };
		1A000001B /* ProfileDetailView.swift in Sources */ = {isa = PBXBuildFile; fileRef = 1A000001C; };
		1A000001D /* LegalView.swift in Sources */ = {isa = PBXBuildFile; fileRef = 1A000001E; };
		1A000001F /* MachineStore.swift in Sources */ = {isa = PBXBuildFile; fileRef = 1A0000020; };
		1A0000035 /* ProfileEditorView.swift in Sources */ = {isa = PBXBuildFile; fileRef = 1A0000036; };
		1A0000037 /* WatchConnectivityService.swift in Sources */ = {isa = PBXBuildFile; fileRef = 1A0000038; };
		1A0000039 /* ScaleService.swift in Sources */ = {isa = PBXBuildFile; fileRef = 1A000003A; };
		1A000003F /* ShotAnalyzer.swift in Sources */ = {isa = PBXBuildFile; fileRef = 1A000003E; };
		1A0000041 /* AnalyticsView.swift in Sources */ = {isa = PBXBuildFile; fileRef = 1A0000040; };
		1A0000043 /* PuckModel.swift in Sources */ = {isa = PBXBuildFile; fileRef = 1A0000042; };
		1A0000045 /* PuckSimulationView.swift in Sources */ = {isa = PBXBuildFile; fileRef = 1A0000044; };
/* End PBXBuildFile section */

/* Begin PBXFileReference section */
		1A0000021 /* GoodEspresso.app */ = {isa = PBXFileReference; explicitFileType = wrapper.application; includeInIndex = 0; path = GoodEspresso.app; sourceTree = BUILT_PRODUCTS_DIR; };
		1A0000002 /* GoodEspressoApp.swift */ = {isa = PBXFileReference; lastKnownFileType = sourcecode.swift; path = GoodEspressoApp.swift; sourceTree = "<group>"; };
		1A0000004 /* ContentView.swift */ = {isa = PBXFileReference; lastKnownFileType = sourcecode.swift; path = ContentView.swift; sourceTree = "<group>"; };
		1A0000006 /* Assets.xcassets */ = {isa = PBXFileReference; lastKnownFileType = folder.assetcatalog; path = Assets.xcassets; sourceTree = "<group>"; };
		1A0000008 /* Models.swift */ = {isa = PBXFileReference; lastKnownFileType = sourcecode.swift; path = Models.swift; sourceTree = "<group>"; };
		1A000000A /* BluetoothService.swift */ = {isa = PBXFileReference; lastKnownFileType = sourcecode.swift; path = BluetoothService.swift; sourceTree = "<group>"; };
		1A000000C /* ProfilesData.swift */ = {isa = PBXFileReference; lastKnownFileType = sourcecode.swift; path = ProfilesData.swift; sourceTree = "<group>"; };
		1A000000E /* HomeView.swift */ = {isa = PBXFileReference; lastKnownFileType = sourcecode.swift; path = HomeView.swift; sourceTree = "<group>"; };
		1A0000010 /* ProfilesView.swift */ = {isa = PBXFileReference; lastKnownFileType = sourcecode.swift; path = ProfilesView.swift; sourceTree = "<group>"; };
		1A0000012 /* SettingsView.swift */ = {isa = PBXFileReference; lastKnownFileType = sourcecode.swift; path = SettingsView.swift; sourceTree = "<group>"; };
		1A0000014 /* HistoryView.swift */ = {isa = PBXFileReference; lastKnownFileType = sourcecode.swift; path = HistoryView.swift; sourceTree = "<group>"; };
		1A0000016 /* ConnectionView.swift */ = {isa = PBXFileReference; lastKnownFileType = sourcecode.swift; path = ConnectionView.swift; sourceTree = "<group>"; };
		1A0000018 /* ControlView.swift */ = {isa = PBXFileReference; lastKnownFileType = sourcecode.swift; path = ControlView.swift; sourceTree = "<group>"; };
		1A000001A /* ShotChartView.swift */ = {isa = PBXFileReference; lastKnownFileType = sourcecode.swift; path = ShotChartView.swift; sourceTree = "<group>"; };
		1A000001C /* ProfileDetailView.swift */ = {isa = PBXFileReference; lastKnownFileType = sourcecode.swift; path = ProfileDetailView.swift; sourceTree = "<group>"; };
		1A000001E /* LegalView.swift */ = {isa = PBXFileReference; lastKnownFileType = sourcecode.swift; path = LegalView.swift; sourceTree = "<group>"; };
		1A0000020 /* MachineStore.swift */ = {isa = PBXFileReference; lastKnownFileType = sourcecode.swift; path = MachineStore.swift; sourceTree = "<group>"; };
		1A0000022 /* Info.plist */ = {isa = PBXFileReference; lastKnownFileType = text.plist.xml; path = Info.plist; sourceTree = "<group>"; };
		1A0000036 /* ProfileEditorView.swift */ = {isa = PBXFileReference; lastKnownFileType = sourcecode.swift; path = ProfileEditorView.swift; sourceTree = "<group>"; };
		1A0000038 /* WatchConnectivityService.swift */ = {isa = PBXFileReference; lastKnownFileType = sourcecode.swift; path = WatchConnectivityService.swift; sourceTree = "<group>"; };
		1A000003A /* ScaleService.swift */ = {isa = PBXFileReference; lastKnownFileType = sourcecode.swift; path = ScaleService.swift; sourceTree = "<group>"; };
		1A000003B /* GoodEspresso.entitlements */ = {isa = PBXFileReference; lastKnownFileType = text.plist.entitlements; path = GoodEspresso.entitlements; sourceTree = "<group>"; };
		1A000003C /* PrivacyInfo.xcprivacy */ = {isa = PBXFileReference; lastKnownFileType = text.xml; path = PrivacyInfo.xcprivacy; sourceTree = "<group>"; };
		1A000003E /* ShotAnalyzer.swift */ = {isa = PBXFileReference; lastKnownFileType = sourcecode.swift; path = ShotAnalyzer.swift; sourceTree = "<group>"; };
		1A0000040 /* AnalyticsView.swift */ = {isa = PBXFileReference; lastKnownFileType = sourcecode.swift; path = AnalyticsView.swift; sourceTree = "<group>"; };
		1A0000042 /* PuckModel.swift */ = {isa = PBXFileReference; lastKnownFileType = sourcecode.swift; path = PuckModel.swift; sourceTree = "<group>"; };
		1A0000044 /* PuckSimulationView.swift */ = {isa = PBXFileReference; lastKnownFileType = sourcecode.swift; path = PuckSimulationView.swift; sourceTree = "<group>"; };
/* End PBXFileReference section */

/* Begin PBXFrameworksBuildPhase section */
		1A0000023 /* Frameworks */ = {
			isa = PBXFrameworksBuildPhase;
			buildActionMask = 2147483647;
			files = (
			);
			runOnlyForDeploymentPostprocessing = 0;
		};
/* End PBXFrameworksBuildPhase section */

/* Begin PBXGroup section */
		1A0000024 = {
			isa = PBXGroup;
			children = (
				1A0000025 /* GoodEspresso */,
				1A0000026 /* Products */,
			);
			sourceTree = "<group>";
		};
		1A0000025 /* GoodEspresso */ = {
			isa = PBXGroup;
			children = (
				1A0000002 /* GoodEspressoApp.swift */,
				1A0000004 /* ContentView.swift */,
				1A0000027 /* Models */,
				1A0000028 /* Views */,
				1A0000029 /* Services */,
				1A000002A /* Data */,
				1A0000006 /* Assets.xcassets */,
				1A0000022 /* Info.plist */,
				1A000003B /* GoodEspresso.entitlements */,
				1A000003C /* PrivacyInfo.xcprivacy */,
			);
			path = GoodEspresso;
			sourceTree = "<group>";
		};
		1A0000026 /* Products */ = {
			isa = PBXGroup;
			children = (
				1A0000021 /* GoodEspresso.app */,
			);
			name = Products;
			sourceTree = "<group>";
		};
		1A0000027 /* Models */ = {
			isa = PBXGroup;
			children = (
				1A0000008 /* Models.swift */,
				1A0000020 /* MachineStore.swift */,
				1A0000042 /* PuckModel.swift */,
			);
			path = Models;
			sourceTree = "<group>";
		};
		1A0000028 /* Views */ = {
			isa = PBXGroup;
			children = (
				1A000000E /* HomeView.swift */,
				1A0000010 /* ProfilesView.swift */,
				1A0000012 /* SettingsView.swift */,
				1A0000014 /* HistoryView.swift */,
				1A0000016 /* ConnectionView.swift */,
				1A0000018 /* ControlView.swift */,
				1A000001A /* ShotChartView.swift */,
				1A000001C /* ProfileDetailView.swift */,
				1A000001E /* LegalView.swift */,
				1A0000036 /* ProfileEditorView.swift */,
				1A0000040 /* AnalyticsView.swift */,
				1A0000044 /* PuckSimulationView.swift */,
			);
			path = Views;
			sourceTree = "<group>";
		};
		1A0000029 /* Services */ = {
			isa = PBXGroup;
			children = (
				1A000000A /* BluetoothService.swift */,
				1A0000038 /* WatchConnectivityService.swift */,
				1A000003A /* ScaleService.swift */,
				1A000003E /* ShotAnalyzer.swift */,
			);
			path = Services;
			sourceTree = "<group>";
		};
		1A000002A /* Data */ = {
			isa = PBXGroup;
			children = (
				1A000000C /* ProfilesData.swift */,
			);
			path = Data;
			sourceTree = "<group>";
		};
/* End PBXGroup section */

/* Begin PBXNativeTarget section */
		1A000002B /* GoodEspresso */ = {
			isa = PBXNativeTarget;
			buildConfigurationList = 1A000002C /* Build configuration list for PBXNativeTarget "GoodEspresso" */;
			buildPhases = (
				1A000002D /* Sources */,
				1A0000023 /* Frameworks */,
				1A000002E /* Resources */,
			);
			buildRules = (
			);
			dependencies = (
			);
			name = GoodEspresso;
			productName = GoodEspresso;
			productReference = 1A0000021 /* GoodEspresso.app */;
			productType = "com.apple.product-type.application";
		};
/* End PBXNativeTarget section */

/* Begin PBXProject section */
		1A000002F /* Project object */ = {
			isa = PBXProject;
			attributes = {
				BuildIndependentTargetsInParallel = 1;
				LastSwiftUpdateCheck = 1500;
				LastUpgradeCheck = 1500;
				TargetAttributes = {
					1A000002B = {
						CreatedOnToolsVersion = 15.0;
					};
				};
			};
			buildConfigurationList = 1A0000030 /* Build configuration list for PBXProject "GoodEspresso" */;
			compatibilityVersion = "Xcode 14.0";
			developmentRegion = en;
			hasScannedForEncodings = 0;
			knownRegions = (
				en,
				Base,
			);
			mainGroup = 1A0000024;
			productRefGroup = 1A0000026 /* Products */;
			projectDirPath = "";
			projectRoot = "";
			targets = (
				1A000002B /* GoodEspresso */,
			);
		};
/* End PBXProject section */

/* Begin PBXResourcesBuildPhase section */
		1A000002E /* Resources */ = {
			isa = PBXResourcesBuildPhase;
			buildActionMask = 2147483647;
			files = (
				1A0000005 /* Assets.xcassets in Resources */,
				1A000003D /* PrivacyInfo.xcprivacy in Resources */,
			);
			runOnlyForDeploymentPostprocessing = 0;
		};
/* End PBXResourcesBuildPhase section */

/* Begin PBXSourcesBuildPhase section */
		1A000002D /* Sources */ = {
			isa = PBXSourcesBuildPhase;
			buildActionMask = 2147483647;
			files = (
				1A0000001 /* GoodEspressoApp.swift in Sources */,
				1A0000003 /* ContentView.swift in Sources */,
				1A0000007 /* Models.swift in Sources */,
				1A0000009 /* BluetoothService.swift in Sources */,
				1A000000B /* ProfilesData.swift in Sources */,
				1A000000D /* HomeView.swift in Sources */,
				1A000000F /* ProfilesView.swift in Sources */,
				1A0000011 /* SettingsView.swift in Sources */,
				1A0000013 /* HistoryView.swift in Sources */,
				1A0000015 /* ConnectionView.swift in Sources */,
				1A0000017 /* ControlView.swift in Sources */,
				1A0000019 /* ShotChartView.swift in Sources */,
				1A000001B /* ProfileDetailView.swift in Sources */,
				1A000001D /* LegalView.swift in Sources */,
				1A000001F /* MachineStore.swift in Sources */,
				1A0000035 /* ProfileEditorView.swift in Sources */,
				1A0000037 /* WatchConnectivityService.swift in Sources */,
				1A0000039 /* ScaleService.swift in Sources */,
				1A000003F /* ShotAnalyzer.swift in Sources */,
				1A0000041 /* AnalyticsView.swift in Sources */,
				1A0000043 /* PuckModel.swift in Sources */,
				1A0000045 /* PuckSimulationView.swift in Sources */,
			);
			runOnlyForDeploymentPostprocessing = 0;
		};
/* End PBXSourcesBuildPhase section */

/* Begin XCBuildConfiguration section */
		1A0000031 /* Debug */ = {
			isa = XCBuildConfiguration;
			buildSettings = {
				ALWAYS_SEARCH_USER_PATHS = NO;
				ASSETCATALOG_COMPILER_GENERATE_SWIFT_ASSET_SYMBOL_EXTENSIONS = YES;
				CLANG_ANALYZER_NONNULL = YES;
				CLANG_ANALYZER_NUMBER_OBJECT_CONVERSION = YES_AGGRESSIVE;
				CLANG_CXX_LANGUAGE_STANDARD = "gnu++20";
				CLANG_ENABLE_MODULES = YES;
				CLANG_ENABLE_OBJC_ARC = YES;
				CLANG_ENABLE_OBJC_WEAK = YES;
				CLANG_WARN_BLOCK_CAPTURE_AUTORELEASING = YES;
				CLANG_WARN_BOOL_CONVERSION = YES;
				CLANG_WARN_COMMA = YES;
				CLANG_WARN_CONSTANT_CONVERSION = YES;
				CLANG_WARN_DEPRECATED_OBJC_IMPLEMENTATIONS = YES;
				CLANG_WARN_DIRECT_OBJC_ISA_USAGE = YES_ERROR;
				CLANG_WARN_DOCUMENTATION_COMMENTS = YES;
				CLANG_WARN_EMPTY_BODY = YES;
				CLANG_WARN_ENUM_CONVERSION = YES;
				CLANG_WARN_INFINITE_RECURSION = YES;
				CLANG_WARN_INT_CONVERSION = YES;
				CLANG_WARN_NON_LITERAL_NULL_CONVERSION = YES;
				CLANG_WARN_OBJC_IMPLICIT_RETAIN_SELF = YES;
				CLANG_WARN_OBJC_LITERAL_CONVERSION = YES;
				CLANG_WARN_OBJC_ROOT_CLASS = YES_ERROR;
				CLANG_WARN_QUOTED_INCLUDE_IN_FRAMEWORK_HEADER = YES;
				CLANG_WARN_RANGE_LOOP_ANALYSIS = YES;
				CLANG_WARN_STRICT_PROTOTYPES = YES;
				CLANG_WARN_SUSPICIOUS_MOVE = YES;
				CLANG_WARN_UNGUARDED_AVAILABILITY = YES_AGGRESSIVE;
				CLANG_WARN_UNREACHABLE_CODE = YES;
				CLANG_WARN__DUPLICATE_METHOD_MATCH = YES;
				COPY_PHASE_STRIP = NO;
				DEBUG_INFORMATION_FORMAT = dwarf;
				ENABLE_STRICT_OBJC_MSGSEND = YES;
				ENABLE_TESTABILITY = YES;
				ENABLE_USER_SCRIPT_SANDBOXING = YES;
				GCC_C_LANGUAGE_STANDARD = gnu17;
				GCC_DYNAMIC_NO_PIC = NO;
				GCC_NO_COMMON_BLOCKS = YES;
				GCC_OPTIMIZATION_LEVEL = 0;
				GCC_PREPROCESSOR_DEFINITIONS = (
					"DEBUG=1",
					"$(inherited)",
				);
				GCC_WARN_64_TO_32_BIT_CONVERSION = YES;
				GCC_WARN_ABOUT_RETURN_TYPE = YES_ERROR;
				GCC_WARN_UNDECLARED_SELECTOR = YES;
				GCC_WARN_UNINITIALIZED_AUTOS = YES_AGGRESSIVE;
				GCC_WARN_UNUSED_FUNCTION = YES;
				GCC_WARN_UNUSED_VARIABLE = YES;
				IPHONEOS_DEPLOYMENT_TARGET = 16.0;
				LOCALIZATION_PREFERS_STRING_CATALOGS = YES;
				MTL_ENABLE_DEBUG_INFO = INCLUDE_SOURCE;
				MTL_FAST_MATH = YES;
				ONLY_ACTIVE_ARCH = YES;
				SDKROOT = iphoneos;
				SWIFT_ACTIVE_COMPILATION_CONDITIONS = "DEBUG $(inherited)";
				SWIFT_OPTIMIZATION_LEVEL = "-Onone";
			};
			name = Debug;
		};
		1A0000032 /* Release */ = {
			isa = XCBuildConfiguration;
			buildSettings = {
				ALWAYS_SEARCH_USER_PATHS = NO;
				ASSETCATALOG_COMPILER_GENERATE_SWIFT_ASSET_SYMBOL_EXTENSIONS = YES;
				CLANG_ANALYZER_NONNULL = YES;
				CLANG_ANALYZER_NUMBER_OBJECT_CONVERSION = YES_AGGRESSIVE;
				CLANG_CXX_LANGUAGE_STANDARD = "gnu++20";
				CLANG_ENABLE_MODULES = YES;
				CLANG_ENABLE_OBJC_ARC = YES;
				CLANG_ENABLE_OBJC_WEAK = YES;
				CLANG_WARN_BLOCK_CAPTURE_AUTORELEASING = YES;
				CLANG_WARN_BOOL_CONVERSION = YES;
				CLANG_WARN_COMMA = YES;
				CLANG_WARN_CONSTANT_CONVERSION = YES;
				CLANG_WARN_DEPRECATED_OBJC_IMPLEMENTATIONS = YES;
				CLANG_WARN_DIRECT_OBJC_ISA_USAGE = YES_ERROR;
				CLANG_WARN_DOCUMENTATION_COMMENTS = YES;
				CLANG_WARN_EMPTY_BODY = YES;
				CLANG_WARN_ENUM_CONVERSION = YES;
				CLANG_WARN_INFINITE_RECURSION = YES;
				CLANG_WARN_INT_CONVERSION = YES;
				CLANG_WARN_NON_LITERAL_NULL_CONVERSION = YES;
				CLANG_WARN_OBJC_IMPLICIT_RETAIN_SELF = YES;
				CLANG_WARN_OBJC_LITERAL_CONVERSION = YES;
				CLANG_WARN_OBJC_ROOT_CLASS = YES_ERROR;
				CLANG_WARN_QUOTED_INCLUDE_IN_FRAMEWORK_HEADER = YES;
				CLANG_WARN_RANGE_LOOP_ANALYSIS = YES;
				CLANG_WARN_STRICT_PROTOTYPES = YES;
				CLANG_WARN_SUSPICIOUS_MOVE = YES;
				CLANG_WARN_UNGUARDED_AVAILABILITY = YES_AGGRESSIVE;
				CLANG_WARN_UNREACHABLE_CODE = YES;
				CLANG_WARN__DUPLICATE_METHOD_MATCH = YES;
				COPY_PHASE_STRIP = NO;
				DEBUG_INFORMATION_FORMAT = "dwarf-with-dsym";
				ENABLE_NS_ASSERTIONS = NO;
				ENABLE_STRICT_OBJC_MSGSEND = YES;
				ENABLE_USER_SCRIPT_SANDBOXING = YES;
				GCC_C_LANGUAGE_STANDARD = gnu17;
				GCC_NO_COMMON_BLOCKS = YES;
				GCC_WARN_64_TO_32_BIT_CONVERSION = YES;
				GCC_WARN_ABOUT_RETURN_TYPE = YES_ERROR;
				GCC_WARN_UNDECLARED_SELECTOR = YES;
				GCC_WARN_UNINITIALIZED_AUTOS = YES_AGGRESSIVE;
				GCC_WARN_UNUSED_FUNCTION = YES;
				GCC_WARN_UNUSED_VARIABLE = YES;
				IPHONEOS_DEPLOYMENT_TARGET = 16.0;
				LOCALIZATION_PREFERS_STRING_CATALOGS = YES;
				MTL_ENABLE_DEBUG_INFO = NO;
				MTL_FAST_MATH = YES;
				SDKROOT = iphoneos;
				SWIFT_COMPILATION_MODE = wholemodule;
				VALIDATE_PRODUCT = YES;
			};
			name = Release;
		};
		1A0000033 /* Debug */ = {
			isa = XCBuildConfiguration;
			buildSettings = {
				ASSETCATALOG_COMPILER_APPICON_NAME = AppIcon;
				ASSETCATALOG_COMPILER_GLOBAL_ACCENT_COLOR_NAME = AccentColor;
				CODE_SIGN_ENTITLEMENTS = GoodEspresso/GoodEspresso.entitlements;
				CODE_SIGN_STYLE = Automatic;
				CURRENT_PROJECT_VERSION = 2;
				DEVELOPMENT_TEAM = "";
				ENABLE_PREVIEWS = YES;
				GENERATE_INFOPLIST_FILE = YES;
				INFOPLIST_FILE = GoodEspresso/Info.plist;
				INFOPLIST_KEY_CFBundleDisplayName = "Good Espresso";
				INFOPLIST_KEY_LSApplicationCategoryType = "public.app-category.food-and-drink";
				INFOPLIST_KEY_NSBluetoothAlwaysUsageDescription = "Good Espresso needs Bluetooth access to connect to and control your Decent espresso machine.";
				INFOPLIST_KEY_NSBluetoothPeripheralUsageDescription = "Good Espresso needs Bluetooth access to connect to and control your Decent espresso machine.";
				INFOPLIST_KEY_UIApplicationSceneManifest_Generation = YES;
				INFOPLIST_KEY_UIApplicationSupportsIndirectInputEvents = YES;
				INFOPLIST_KEY_UILaunchScreen_Generation = YES;
				INFOPLIST_KEY_UISupportedInterfaceOrientations_iPad = "UIInterfaceOrientationPortrait UIInterfaceOrientationPortraitUpsideDown UIInterfaceOrientationLandscapeLeft UIInterfaceOrientationLandscapeRight";
				INFOPLIST_KEY_UISupportedInterfaceOrientations_iPhone = "UIInterfaceOrientationPortrait UIInterfaceOrientationLandscapeLeft UIInterfaceOrientationLandscapeRight";
				LD_RUNPATH_SEARCH_PATHS = (
					"$(inherited)",
					"@executable_path/Frameworks",
				);
				MARKETING_VERSION = 1.1.0;
				PRODUCT_BUNDLE_IDENTIFIER = com.goodespresso.app;
				PRODUCT_NAME = "$(TARGET_NAME)";
				SUPPORTED_PLATFORMS = "iphoneos iphonesimulator macosx";
				SUPPORTS_MACCATALYST = YES;
				SUPPORTS_MAC_DESIGNED_FOR_IPHONE_IPAD = NO;
				SWIFT_EMIT_LOC_STRINGS = YES;
				SWIFT_VERSION = 5.0;
				TARGETED_DEVICE_FAMILY = "1,2";
			};
			name = Debug;
		};
		1A0000034 /* Release */ = {
			isa = XCBuildConfiguration;
			buildSettings = {
				ASSETCATALOG_COMPILER_APPICON_NAME = AppIcon;
				ASSETCATALOG_COMPILER_GLOBAL_ACCENT_COLOR_NAME = AccentColor;
				CODE_SIGN_ENTITLEMENTS = GoodEspresso/GoodEspresso.entitlements;
				CODE_SIGN_STYLE = Automatic;
				CURRENT_PROJECT_VERSION = 2;
				DEVELOPMENT_TEAM = "";
				ENABLE_PREVIEWS = YES;
				GENERATE_INFOPLIST_FILE = YES;
				INFOPLIST_FILE = GoodEspresso/Info.plist;
				INFOPLIST_KEY_CFBundleDisplayName = "Good Espresso";
				INFOPLIST_KEY_LSApplicationCategoryType = "public.app-category.food-and-drink";
				INFOPLIST_KEY_NSBluetoothAlwaysUsageDescription = "Good Espresso needs Bluetooth access to connect to and control your Decent espresso machine.";
				INFOPLIST_KEY_NSBluetoothPeripheralUsageDescription = "Good Espresso needs Bluetooth access to connect to and control your Decent espresso machine.";
				INFOPLIST_KEY_UIApplicationSceneManifest_Generation = YES;
				INFOPLIST_KEY_UIApplicationSupportsIndirectInputEvents = YES;
				INFOPLIST_KEY_UILaunchScreen_Generation = YES;
				INFOPLIST_KEY_UISupportedInterfaceOrientations_iPad = "UIInterfaceOrientationPortrait UIInterfaceOrientationPortraitUpsideDown UIInterfaceOrientationLandscapeLeft UIInterfaceOrientationLandscapeRight";
				INFOPLIST_KEY_UISupportedInterfaceOrientations_iPhone = "UIInterfaceOrientationPortrait UIInterfaceOrientationLandscapeLeft UIInterfaceOrientationLandscapeRight";
				LD_RUNPATH_SEARCH_PATHS = (
					"$(inherited)",
					"@executable_path/Frameworks",
				);
				MARKETING_VERSION = 1.1.0;
				PRODUCT_BUNDLE_IDENTIFIER = com.goodespresso.app;
				PRODUCT_NAME = "$(TARGET_NAME)";
				SUPPORTED_PLATFORMS = "iphoneos iphonesimulator macosx";
				SUPPORTS_MACCATALYST = YES;
				SUPPORTS_MAC_DESIGNED_FOR_IPHONE_IPAD = NO;
				SWIFT_EMIT_LOC_STRINGS = YES;
				SWIFT_VERSION = 5.0;
				TARGETED_DEVICE_FAMILY = "1,2";
			};
			name = Release;
		};
/* End XCBuildConfiguration section */

/* Begin XCConfigurationList section */
		1A0000030 /* Build configuration list for PBXProject "GoodEspresso" */ = {
			isa = XCConfigurationList;
			buildConfigurations = (
				1A0000031 /* Debug */,
				1A0000032 /* Release */,
			);
			defaultConfigurationIsVisible = 0;
			defaultConfigurationName = Release;
		};
		1A000002C /* Build configuration list for PBXNativeTarget "GoodEspresso" */ = {
			isa = XCConfigurationList;
			buildConfigurations = (
				1A0000033 /* Debug */,
				1A0000034 /* Release */,
			);
			defaultConfigurationIsVisible = 0;
			defaultConfigurationName = Release;
		};
/* End XCConfigurationList section */
	};
	rootObject = 1A000002F /* Project object */;
}
